{
  "requires": true,
  "lockfileVersion": 1,
  "dependencies": {
    "disect": {
      "version": "1.1.1",
      "resolved": "https://registry.npmjs.org/disect/-/disect-1.1.1.tgz",
      "integrity": "sha1-srUg+rcgq+2D7BpB9hl59PMYrKc="
    },
    "json-tokenizer": {
      "version": "1.1.0",
      "resolved": "https://registry.npmjs.org/json-tokenizer/-/json-tokenizer-1.1.0.tgz",
      "integrity": "sha512-KyH4jXDtYrPOqv2+B+RD5utbysYEa/jDtjqY2UAKS/1My83syzu4W/PNbxsMU9qgRC5SBzoGcKAa/JqRwEKTEA==",
      "requires": {
        "tokenizer": "~1.1.2"
      }
    },
    "tokenizer": {
      "version": "1.1.2",
      "resolved": "https://registry.npmjs.org/tokenizer/-/tokenizer-1.1.2.tgz",
      "integrity": "sha1-AFi9wimv+u0FspMzZ1zPU+rjT10=",
      "requires": {
        "disect": "~1.1.0"
      }
    }
  }
}
